
Microsoft Visual Studio Solution File, Format Version 12.00
# Visual Studio Version 17
VisualStudioVersion = 17.11.35208.52
MinimumVisualStudioVersion = 10.0.40219.1
Project("{9A19103F-16F7-4668-BE54-9A1E7A4F7556}") = "DateProject", "DateProject.csproj", "{D28FF5A6-BCD7-4E2F-9D89-AF3488EB562C}"
EndProject
Global
	GlobalSection(SolutionConfigurationPlatforms) = preSolution
		Debug|Any CPU = Debug|Any CPU
		Release|Any CPU = Release|Any CPU
	EndGlobalSection
	GlobalSection(ProjectConfigurationPlatforms) = postSolution
		{D28FF5A6-BCD7-4E2F-9D89-AF3488EB562C}.Debug|Any CPU.ActiveCfg = Debug|Any CPU
		{D28FF5A6-BCD7-4E2F-9D89-AF3488EB562C}.Debug|Any CPU.Build.0 = Debug|Any CPU
		{D28FF5A6-BCD7-4E2F-9D89-AF3488EB562C}.Release|Any CPU.ActiveCfg = Release|Any CPU
		{D28FF5A6-BCD7-4E2F-9D89-AF3488EB562C}.Release|Any CPU.Build.0 = Release|Any CPU
	EndGlobalSection
	GlobalSection(SolutionProperties) = preSolution
		HideSolutionNode = FALSE
	EndGlobalSection
	GlobalSection(ExtensibilityGlobals) = postSolution
		SolutionGuid = {97E214BE-8861-4D84-B63D-26287AAC3477}
	EndGlobalSection
EndGlobal
